
Microsoft Visual Studio Solution File, Format Version 12.00
# Visual Studio 14
VisualStudioVersion = 14.0.23107.0
MinimumVisualStudioVersion = 10.0.40219.1
Project("{FAE04EC0-301F-11D3-BF4B-00C04F79EFBC}") = "PubSub", "PubSub\PubSub.csproj", "{C73D1486-C5C4-4BF0-AE0B-D0A214E2CCB9}"
EndProject
Project("{FAE04EC0-301F-11D3-BF4B-00C04F79EFBC}") = "PubSub.Tests", "PubSub.Tests\PubSub.Tests.csproj", "{DC01D868-1B0E-4754-B070-F3CC4DAA7F7B}"
EndProject
Project("{FAE04EC0-301F-11D3-BF4B-00C04F79EFBC}") = "PubSub.Abstractions", "PubSub.Abstractions\PubSub.Abstractions.csproj", "{0954B0D9-D02C-411B-B784-5B1A10E2701E}"
EndProject
Global
	GlobalSection(SolutionConfigurationPlatforms) = preSolution
		Debug|Any CPU = Debug|Any CPU
		Release|Any CPU = Release|Any CPU
	EndGlobalSection
	GlobalSection(ProjectConfigurationPlatforms) = postSolution
		{C73D1486-C5C4-4BF0-AE0B-D0A214E2CCB9}.Debug|Any CPU.ActiveCfg = Debug|Any CPU
		{C73D1486-C5C4-4BF0-AE0B-D0A214E2CCB9}.Debug|Any CPU.Build.0 = Debug|Any CPU
		{C73D1486-C5C4-4BF0-AE0B-D0A214E2CCB9}.Release|Any CPU.ActiveCfg = Release|Any CPU
		{C73D1486-C5C4-4BF0-AE0B-D0A214E2CCB9}.Release|Any CPU.Build.0 = Release|Any CPU
		{DC01D868-1B0E-4754-B070-F3CC4DAA7F7B}.Debug|Any CPU.ActiveCfg = Debug|Any CPU
		{DC01D868-1B0E-4754-B070-F3CC4DAA7F7B}.Debug|Any CPU.Build.0 = Debug|Any CPU
		{DC01D868-1B0E-4754-B070-F3CC4DAA7F7B}.Release|Any CPU.ActiveCfg = Release|Any CPU
		{DC01D868-1B0E-4754-B070-F3CC4DAA7F7B}.Release|Any CPU.Build.0 = Release|Any CPU
		{0954B0D9-D02C-411B-B784-5B1A10E2701E}.Debug|Any CPU.ActiveCfg = Debug|Any CPU
		{0954B0D9-D02C-411B-B784-5B1A10E2701E}.Debug|Any CPU.Build.0 = Debug|Any CPU
		{0954B0D9-D02C-411B-B784-5B1A10E2701E}.Release|Any CPU.ActiveCfg = Release|Any CPU
		{0954B0D9-D02C-411B-B784-5B1A10E2701E}.Release|Any CPU.Build.0 = Release|Any CPU
	EndGlobalSection
	GlobalSection(SolutionProperties) = preSolution
		HideSolutionNode = FALSE
	EndGlobalSection
EndGlobal
